
Microsoft Visual Studio Solution File, Format Version 12.00
# Visual Studio Version 17
VisualStudioVersion = 17.2.32616.157
MinimumVisualStudioVersion = 10.0.40219.1
Project("{2150E333-8FDC-42A3-9474-1A3956D46DE8}") = "2. API", "2. API", "{382638FF-7197-41FA-BF30-CF1687094DDC}"
EndProject
Project("{2150E333-8FDC-42A3-9474-1A3956D46DE8}") = "3. Core", "3. Core", "{D2AFE35D-8503-4F72-96AD-47A269C05F42}"
EndProject
Project("{9A19103F-16F7-4668-BE54-9A1E7A4F7556}") = "Biosite.Core", "src\building blocks\Biosite.Core\Biosite.Core.csproj", "{B7B8EE6D-C6DE-48B0-8B69-A3DB5DECFBBA}"
EndProject
Project("{9A19103F-16F7-4668-BE54-9A1E7A4F7556}") = "Biosite.Domain", "src\building blocks\Biosite.Domain\Biosite.Domain.csproj", "{548FFCA7-2343-45FE-9C2D-E17CBB971EF5}"
EndProject
Project("{9A19103F-16F7-4668-BE54-9A1E7A4F7556}") = "Biosite.Infrastructure", "src\building blocks\Biosite.Infrastructure\Biosite.Infrastructure.csproj", "{B6A0ACB5-378A-4D61-ACD3-DD17BEBC2AF0}"
EndProject
Project("{2150E333-8FDC-42A3-9474-1A3956D46DE8}") = "2.1 Authentication", "2.1 Authentication", "{4B3A21BF-1786-469B-AF12-F1F25963FE34}"
EndProject
Project("{9A19103F-16F7-4668-BE54-9A1E7A4F7556}") = "Biosite.Authentication.Api", "src\services\Biosite.Authentication.Api\Biosite.Authentication.Api.csproj", "{3EBFB7B7-68C6-4B65-995D-84B760594035}"
EndProject
Project("{2150E333-8FDC-42A3-9474-1A3956D46DE8}") = "2.2 Biomarker", "2.2 Biomarker", "{543DE8D6-F1F9-45B8-8DEC-77E293293F1A}"
EndProject
Project("{9A19103F-16F7-4668-BE54-9A1E7A4F7556}") = "Biosite.Biomarkers.Api", "src\services\Biosite.Biomarkers.Api\Biosite.Biomarkers.Api.csproj", "{3A6EB9A1-CBAF-43D6-A164-36194BA21986}"
EndProject
Project("{2150E333-8FDC-42A3-9474-1A3956D46DE8}") = "1. Gateways", "1. Gateways", "{B7569A35-A565-4E60-BEED-E8836F6CBE13}"
EndProject
Project("{9A19103F-16F7-4668-BE54-9A1E7A4F7556}") = "Biosite.Gateway.Api", "src\services\Gateways\Biosite.Gateway.Api\Biosite.Gateway.Api.csproj", "{A18A73ED-5664-4D67-8A45-8318D4789E26}"
EndProject
Project("{9A19103F-16F7-4668-BE54-9A1E7A4F7556}") = "Authentication.Gateway.Api", "src\services\Gateways\Authentication.Gateway.Api\Authentication.Gateway.Api.csproj", "{765675C3-6C6D-4F4C-98A9-6F0819857124}"
EndProject
Project("{2150E333-8FDC-42A3-9474-1A3956D46DE8}") = "1.0 Authentication", "1.0 Authentication", "{871602C8-16F8-4A41-ABD2-48C0DB5EC948}"
EndProject
Project("{2150E333-8FDC-42A3-9474-1A3956D46DE8}") = "1.1 Biosite", "1.1 Biosite", "{B4A48F1D-6038-4346-B9D9-C1C58AC7E4A2}"
EndProject
Project("{2150E333-8FDC-42A3-9474-1A3956D46DE8}") = "2.4 Profile", "2.4 Profile", "{841B0FCD-36E8-481A-AFF9-065B1A0885C6}"
EndProject
Project("{9A19103F-16F7-4668-BE54-9A1E7A4F7556}") = "Biosite.Profile.Api", "src\services\Biosite.Profile.Api\Biosite.Profile.Api.csproj", "{8B638D15-768A-43BD-BC8B-F08624F97F5D}"
EndProject
Project("{2150E333-8FDC-42A3-9474-1A3956D46DE8}") = "2.3 Organ", "2.3 Organ", "{9C89A12F-B507-4416-BE2A-85AF8EB7EB42}"
EndProject
Project("{9A19103F-16F7-4668-BE54-9A1E7A4F7556}") = "Biosite.Organs.Api", "src\services\Biosite.Organs.Api\Biosite.Organs.Api.csproj", "{AB4917FE-84F9-48AF-91EC-22241A541F19}"
EndProject
Global
	GlobalSection(SolutionConfigurationPlatforms) = preSolution
		Debug|Any CPU = Debug|Any CPU
		Release|Any CPU = Release|Any CPU
	EndGlobalSection
	GlobalSection(ProjectConfigurationPlatforms) = postSolution
		{B7B8EE6D-C6DE-48B0-8B69-A3DB5DECFBBA}.Debug|Any CPU.ActiveCfg = Debug|Any CPU
		{B7B8EE6D-C6DE-48B0-8B69-A3DB5DECFBBA}.Debug|Any CPU.Build.0 = Debug|Any CPU
		{B7B8EE6D-C6DE-48B0-8B69-A3DB5DECFBBA}.Release|Any CPU.ActiveCfg = Release|Any CPU
		{B7B8EE6D-C6DE-48B0-8B69-A3DB5DECFBBA}.Release|Any CPU.Build.0 = Release|Any CPU
		{548FFCA7-2343-45FE-9C2D-E17CBB971EF5}.Debug|Any CPU.ActiveCfg = Debug|Any CPU
		{548FFCA7-2343-45FE-9C2D-E17CBB971EF5}.Debug|Any CPU.Build.0 = Debug|Any CPU
		{548FFCA7-2343-45FE-9C2D-E17CBB971EF5}.Release|Any CPU.ActiveCfg = Release|Any CPU
		{548FFCA7-2343-45FE-9C2D-E17CBB971EF5}.Release|Any CPU.Build.0 = Release|Any CPU
		{B6A0ACB5-378A-4D61-ACD3-DD17BEBC2AF0}.Debug|Any CPU.ActiveCfg = Debug|Any CPU
		{B6A0ACB5-378A-4D61-ACD3-DD17BEBC2AF0}.Debug|Any CPU.Build.0 = Debug|Any CPU
		{B6A0ACB5-378A-4D61-ACD3-DD17BEBC2AF0}.Release|Any CPU.ActiveCfg = Release|Any CPU
		{B6A0ACB5-378A-4D61-ACD3-DD17BEBC2AF0}.Release|Any CPU.Build.0 = Release|Any CPU
		{3EBFB7B7-68C6-4B65-995D-84B760594035}.Debug|Any CPU.ActiveCfg = Debug|Any CPU
		{3EBFB7B7-68C6-4B65-995D-84B760594035}.Debug|Any CPU.Build.0 = Debug|Any CPU
		{3EBFB7B7-68C6-4B65-995D-84B760594035}.Release|Any CPU.ActiveCfg = Release|Any CPU
		{3EBFB7B7-68C6-4B65-995D-84B760594035}.Release|Any CPU.Build.0 = Release|Any CPU
		{3A6EB9A1-CBAF-43D6-A164-36194BA21986}.Debug|Any CPU.ActiveCfg = Debug|Any CPU
		{3A6EB9A1-CBAF-43D6-A164-36194BA21986}.Debug|Any CPU.Build.0 = Debug|Any CPU
		{3A6EB9A1-CBAF-43D6-A164-36194BA21986}.Release|Any CPU.ActiveCfg = Release|Any CPU
		{3A6EB9A1-CBAF-43D6-A164-36194BA21986}.Release|Any CPU.Build.0 = Release|Any CPU
		{A18A73ED-5664-4D67-8A45-8318D4789E26}.Debug|Any CPU.ActiveCfg = Debug|Any CPU
		{A18A73ED-5664-4D67-8A45-8318D4789E26}.Debug|Any CPU.Build.0 = Debug|Any CPU
		{A18A73ED-5664-4D67-8A45-8318D4789E26}.Release|Any CPU.ActiveCfg = Release|Any CPU
		{A18A73ED-5664-4D67-8A45-8318D4789E26}.Release|Any CPU.Build.0 = Release|Any CPU
		{765675C3-6C6D-4F4C-98A9-6F0819857124}.Debug|Any CPU.ActiveCfg = Debug|Any CPU
		{765675C3-6C6D-4F4C-98A9-6F0819857124}.Debug|Any CPU.Build.0 = Debug|Any CPU
		{765675C3-6C6D-4F4C-98A9-6F0819857124}.Release|Any CPU.ActiveCfg = Release|Any CPU
		{765675C3-6C6D-4F4C-98A9-6F0819857124}.Release|Any CPU.Build.0 = Release|Any CPU
		{8B638D15-768A-43BD-BC8B-F08624F97F5D}.Debug|Any CPU.ActiveCfg = Debug|Any CPU
		{8B638D15-768A-43BD-BC8B-F08624F97F5D}.Debug|Any CPU.Build.0 = Debug|Any CPU
		{8B638D15-768A-43BD-BC8B-F08624F97F5D}.Release|Any CPU.ActiveCfg = Release|Any CPU
		{8B638D15-768A-43BD-BC8B-F08624F97F5D}.Release|Any CPU.Build.0 = Release|Any CPU
		{AB4917FE-84F9-48AF-91EC-22241A541F19}.Debug|Any CPU.ActiveCfg = Debug|Any CPU
		{AB4917FE-84F9-48AF-91EC-22241A541F19}.Debug|Any CPU.Build.0 = Debug|Any CPU
		{AB4917FE-84F9-48AF-91EC-22241A541F19}.Release|Any CPU.ActiveCfg = Release|Any CPU
		{AB4917FE-84F9-48AF-91EC-22241A541F19}.Release|Any CPU.Build.0 = Release|Any CPU
	EndGlobalSection
	GlobalSection(SolutionProperties) = preSolution
		HideSolutionNode = FALSE
	EndGlobalSection
	GlobalSection(NestedProjects) = preSolution
		{B7B8EE6D-C6DE-48B0-8B69-A3DB5DECFBBA} = {D2AFE35D-8503-4F72-96AD-47A269C05F42}
		{548FFCA7-2343-45FE-9C2D-E17CBB971EF5} = {D2AFE35D-8503-4F72-96AD-47A269C05F42}
		{B6A0ACB5-378A-4D61-ACD3-DD17BEBC2AF0} = {D2AFE35D-8503-4F72-96AD-47A269C05F42}
		{4B3A21BF-1786-469B-AF12-F1F25963FE34} = {382638FF-7197-41FA-BF30-CF1687094DDC}
		{3EBFB7B7-68C6-4B65-995D-84B760594035} = {4B3A21BF-1786-469B-AF12-F1F25963FE34}
		{543DE8D6-F1F9-45B8-8DEC-77E293293F1A} = {382638FF-7197-41FA-BF30-CF1687094DDC}
		{3A6EB9A1-CBAF-43D6-A164-36194BA21986} = {543DE8D6-F1F9-45B8-8DEC-77E293293F1A}
		{A18A73ED-5664-4D67-8A45-8318D4789E26} = {B4A48F1D-6038-4346-B9D9-C1C58AC7E4A2}
		{765675C3-6C6D-4F4C-98A9-6F0819857124} = {871602C8-16F8-4A41-ABD2-48C0DB5EC948}
		{871602C8-16F8-4A41-ABD2-48C0DB5EC948} = {B7569A35-A565-4E60-BEED-E8836F6CBE13}
		{B4A48F1D-6038-4346-B9D9-C1C58AC7E4A2} = {B7569A35-A565-4E60-BEED-E8836F6CBE13}
		{841B0FCD-36E8-481A-AFF9-065B1A0885C6} = {382638FF-7197-41FA-BF30-CF1687094DDC}
		{8B638D15-768A-43BD-BC8B-F08624F97F5D} = {841B0FCD-36E8-481A-AFF9-065B1A0885C6}
		{9C89A12F-B507-4416-BE2A-85AF8EB7EB42} = {382638FF-7197-41FA-BF30-CF1687094DDC}
		{AB4917FE-84F9-48AF-91EC-22241A541F19} = {9C89A12F-B507-4416-BE2A-85AF8EB7EB42}
	EndGlobalSection
	GlobalSection(ExtensibilityGlobals) = postSolution
		SolutionGuid = {4FBD8D3D-99A7-4789-8528-6CF986DF3242}
	EndGlobalSection
EndGlobal
